{
  "version": 4,
  "terraform_version": "1.13.4",
  "serial": 11,
  "lineage": "9be49489-007f-42ba-24a1-d8cd9411cb19",
  "outputs": {},
  "resources": [
    {
      "mode": "managed",
      "type": "google_service_account",
      "name": "bucket_admin_sa",
      "provider": "provider[\"registry.terraform.io/hashicorp/google\"]",
      "instances": [
        {
          "schema_version": 0,
          "attributes": {
            "account_id": "bucket-admin",
            "create_ignore_already_exists": null,
            "description": "",
            "disabled": false,
            "display_name": "Bucket Admin Service Account",
            "email": "bucket-admin@fluted-factor-438905-d2.iam.gserviceaccount.com",
            "id": "projects/fluted-factor-438905-d2/serviceAccounts/bucket-admin@fluted-factor-438905-d2.iam.gserviceaccount.com",
            "member": "serviceAccount:bucket-admin@fluted-factor-438905-d2.iam.gserviceaccount.com",
            "name": "projects/fluted-factor-438905-d2/serviceAccounts/bucket-admin@fluted-factor-438905-d2.iam.gserviceaccount.com",
            "project": "fluted-factor-438905-d2",
            "timeouts": null,
            "unique_id": "108581207620194439469"
          },
          "sensitive_attributes": [],
          "identity_schema_version": 0,
          "private": "eyJlMmJmYjczMC1lY2FhLTExZTYtOGY4OC0zNDM2M2JjN2M0YzAiOnsiY3JlYXRlIjozMDAwMDAwMDAwMDB9fQ=="
        }
      ]
    },
    {
      "mode": "managed",
      "type": "google_storage_bucket",
      "name": "tf_bucket",
      "provider": "provider[\"registry.terraform.io/hashicorp/google\"]",
      "instances": [
        {
          "schema_version": 4,
          "attributes": {
            "autoclass": [],
            "cors": [],
            "custom_placement_config": [],
            "default_event_based_hold": false,
            "effective_labels": {
              "goog-terraform-provisioned": "true"
            },
            "enable_object_retention": false,
            "encryption": [],
            "force_destroy": true,
            "hierarchical_namespace": [
              {
                "enabled": false
              }
            ],
            "id": "pipeline-tfstate-bucket-for-infra-mgmt",
            "ip_filter": [],
            "labels": null,
            "lifecycle_rule": [],
            "location": "US-CENTRAL1",
            "logging": [],
            "name": "pipeline-tfstate-bucket-for-infra-mgmt",
            "project": "fluted-factor-438905-d2",
            "project_number": 8197923751,
            "public_access_prevention": "inherited",
            "requester_pays": false,
            "retention_policy": [],
            "rpo": null,
            "self_link": "https://www.googleapis.com/storage/v1/b/pipeline-tfstate-bucket-for-infra-mgmt",
            "soft_delete_policy": [
              {
                "effective_time": "2025-11-11T06:24:14.886Z",
                "retention_duration_seconds": 604800
              }
            ],
            "storage_class": "STANDARD",
            "terraform_labels": {
              "goog-terraform-provisioned": "true"
            },
            "time_created": "2025-11-11T06:24:14.886Z",
            "timeouts": null,
            "uniform_bucket_level_access": true,
            "updated": "2025-11-11T06:24:14.886Z",
            "url": "gs://pipeline-tfstate-bucket-for-infra-mgmt",
            "versioning": [
              {
                "enabled": true
              }
            ],
            "website": []
          },
          "sensitive_attributes": [],
          "identity_schema_version": 0,
          "private": "eyJlMmJmYjczMC1lY2FhLTExZTYtOGY4OC0zNDM2M2JjN2M0YzAiOnsiY3JlYXRlIjo2MDAwMDAwMDAwMDAsInJlYWQiOjI0MDAwMDAwMDAwMCwidXBkYXRlIjoyNDAwMDAwMDAwMDB9LCJzY2hlbWFfdmVyc2lvbiI6IjQifQ=="
        }
      ]
    },
    {
      "mode": "managed",
      "type": "google_storage_bucket_iam_member",
      "name": "admin_binding",
      "provider": "provider[\"registry.terraform.io/hashicorp/google\"]",
      "instances": [
        {
          "schema_version": 0,
          "attributes": {
            "bucket": "b/pipeline-tfstate-bucket-for-infra-mgmt",
            "condition": [],
            "etag": "CAI=",
            "id": "b/pipeline-tfstate-bucket-for-infra-mgmt/roles/storage.admin/serviceAccount:bucket-admin@fluted-factor-438905-d2.iam.gserviceaccount.com",
            "member": "serviceAccount:bucket-admin@fluted-factor-438905-d2.iam.gserviceaccount.com",
            "role": "roles/storage.admin",
            "timeouts": null
          },
          "sensitive_attributes": [],
          "identity_schema_version": 0,
          "private": "eyJlMmJmYjczMC1lY2FhLTExZTYtOGY4OC0zNDM2M2JjN2M0YzAiOnsiY3JlYXRlIjoxMjAwMDAwMDAwMDAwfX0=",
          "dependencies": [
            "google_service_account.bucket_admin_sa",
            "google_storage_bucket.tf_bucket"
          ]
        }
      ]
    }
  ],
  "check_results": null
}
